
Microsoft Visual Studio Solution File, Format Version 12.00
# Visual Studio Version 17
VisualStudioVersion = 17.5.002.0
MinimumVisualStudioVersion = 10.0.40219.1
Project("{9A19103F-16F7-4668-BE54-9A1E7A4F7556}") = "FirstApp", "FirstApp\FirstApp.csproj", "{84F58FB0-2FD5-49B3-B642-B8487397AA1E}"
EndProject
Global
	GlobalSection(SolutionConfigurationPlatforms) = preSolution
		Debug|Any CPU = Debug|Any CPU
		Release|Any CPU = Release|Any CPU
	EndGlobalSection
	GlobalSection(ProjectConfigurationPlatforms) = postSolution
		{84F58FB0-2FD5-49B3-B642-B8487397AA1E}.Debug|Any CPU.ActiveCfg = Debug|Any CPU
		{84F58FB0-2FD5-49B3-B642-B8487397AA1E}.Debug|Any CPU.Build.0 = Debug|Any CPU
		{84F58FB0-2FD5-49B3-B642-B8487397AA1E}.Release|Any CPU.ActiveCfg = Release|Any CPU
		{84F58FB0-2FD5-49B3-B642-B8487397AA1E}.Release|Any CPU.Build.0 = Release|Any CPU
	EndGlobalSection
	GlobalSection(SolutionProperties) = preSolution
		HideSolutionNode = FALSE
	EndGlobalSection
	GlobalSection(ExtensibilityGlobals) = postSolution
		SolutionGuid = {7774DC7F-7030-431F-AD82-B9CEA3411D1C}
	EndGlobalSection
EndGlobal
